[[package]]
name = 'core'
source = 'path+from-root-67732E1923984E25'

[[package]]
name = 'nft'
source = 'git+https://github.com/FuelLabs/sway-libs?tag=v0.8.0#f6bb5c234e020d556e1bc688e0f1f368dc9b0f9a'
dependencies = ['std']

[[package]]
name = 'saprana'
source = 'member'
dependencies = [
    'nft',
    'std',
]

[[package]]
name = 'std'
source = 'git+https://github.com/fuellabs/sway?tag=v0.37.3#d09ef912828f5fc7193501ccf8a0d0fb0f36a821'
dependencies = ['core']
