[[package]]
name = 'core'
source = 'path+from-root-67732E1923984E25'

[[package]]
name = 'nft'
source = 'git+https://github.com/FuelLabs/sway-libs?default-branch#14139407704840d45d7eba9b2fa040b1b430b3a9'
dependencies = ['std']

[[package]]
name = 'saprana'
source = 'member'
dependencies = [
    'nft',
    'std',
]

[[package]]
name = 'std'
source = 'git+https://github.com/fuellabs/sway?tag=v0.37.3#d09ef912828f5fc7193501ccf8a0d0fb0f36a821'
dependencies = ['core']
